// !$*UTF8*$!
{
	archiveVersion = 1;
	classes = {
	};
	objectVersion = 50;
	objects = {

/* Begin PBXBuildFile section */
		2E24C2E121F4F40D001EA54B /* DetailController.swift in Sources */ = {isa = PBXBuildFile; fileRef = 2E24C2E021F4F40D001EA54B /* DetailController.swift */; };
		2E24C2E321F62307001EA54B /* SwipePhotosController.swift in Sources */ = {isa = PBXBuildFile; fileRef = 2E24C2E221F62307001EA54B /* SwipePhotosController.swift */; };
		2E2C4A6F21D42607007D5F0A /* GoogleService-Info.plist in Resources */ = {isa = PBXBuildFile; fileRef = 2E2C4A6E21D42607007D5F0A /* GoogleService-Info.plist */; };
		2E5231B621D28D7900A6C487 /* RegistrationViewModel.swift in Sources */ = {isa = PBXBuildFile; fileRef = 2E5231B521D28D7900A6C487 /* RegistrationViewModel.swift */; };
		2E5BA66421A472F700137DE5 /* AppDelegate.swift in Sources */ = {isa = PBXBuildFile; fileRef = 2E5BA66321A472F700137DE5 /* AppDelegate.swift */; };
		2E5BA66621A472F700137DE5 /* HomeController.swift in Sources */ = {isa = PBXBuildFile; fileRef = 2E5BA66521A472F700137DE5 /* HomeController.swift */; };
		2E5BA66B21A472F800137DE5 /* Assets.xcassets in Resources */ = {isa = PBXBuildFile; fileRef = 2E5BA66A21A472F800137DE5 /* Assets.xcassets */; };
		2E5BA66E21A472F800137DE5 /* LaunchScreen.storyboard in Resources */ = {isa = PBXBuildFile; fileRef = 2E5BA66C21A472F800137DE5 /* LaunchScreen.storyboard */; };
		2E5BF46021AEE7EA0009BA15 /* CardViewModel.swift in Sources */ = {isa = PBXBuildFile; fileRef = 2E5BF45F21AEE7EA0009BA15 /* CardViewModel.swift */; };
		2E5BF46221AF45830009BA15 /* Advert.swift in Sources */ = {isa = PBXBuildFile; fileRef = 2E5BF46121AF45830009BA15 /* Advert.swift */; };
		2E5F7E4E21F258B300B3D767 /* LoginController.swift in Sources */ = {isa = PBXBuildFile; fileRef = 2E5F7E4D21F258B300B3D767 /* LoginController.swift */; };
		2E5F7E5021F258BC00B3D767 /* LoginViewModel.swift in Sources */ = {isa = PBXBuildFile; fileRef = 2E5F7E4F21F258BC00B3D767 /* LoginViewModel.swift */; };
		2E60658121A5E018005AF201 /* BottomControls.swift in Sources */ = {isa = PBXBuildFile; fileRef = 2E60658021A5E018005AF201 /* BottomControls.swift */; };
		2E60658421A5E72E005AF201 /* TopNavigation.swift in Sources */ = {isa = PBXBuildFile; fileRef = 2E60658321A5E72E005AF201 /* TopNavigation.swift */; };
		2E60658621A5FE1B005AF201 /* CardView.swift in Sources */ = {isa = PBXBuildFile; fileRef = 2E60658521A5FE1B005AF201 /* CardView.swift */; };
		2E60658821A725B9005AF201 /* UIView.swift in Sources */ = {isa = PBXBuildFile; fileRef = 2E60658721A725B9005AF201 /* UIView.swift */; };
		2E781D6721B7243B003E102A /* RegistrationController.swift in Sources */ = {isa = PBXBuildFile; fileRef = 2E781D6621B7243B003E102A /* RegistrationController.swift */; };
		2E781D6921B73617003E102A /* TextField.swift in Sources */ = {isa = PBXBuildFile; fileRef = 2E781D6821B73617003E102A /* TextField.swift */; };
		2E7935E521A8ADEF00C642F6 /* Place.swift in Sources */ = {isa = PBXBuildFile; fileRef = 2E7935E421A8ADEF00C642F6 /* Place.swift */; };
		2EB880F421D556080046A83D /* Bindable.swift in Sources */ = {isa = PBXBuildFile; fileRef = 2EB880F321D556080046A83D /* Bindable.swift */; };
		2EB880F621DD65F70046A83D /* SettingsController.swift in Sources */ = {isa = PBXBuildFile; fileRef = 2EB880F521DD65F70046A83D /* SettingsController.swift */; };
		2EB8812421E01D3E0046A83D /* SettingsInputCell.swift in Sources */ = {isa = PBXBuildFile; fileRef = 2EB8812321E01D3E0046A83D /* SettingsInputCell.swift */; };
		2ECADA9921F11EEB0006C34C /* AgeRangeCell.swift in Sources */ = {isa = PBXBuildFile; fileRef = 2ECADA9821F11EEB0006C34C /* AgeRangeCell.swift */; };
		AF4E13D816C613C5C3BC9CFD /* Pods_SwipeSwipe.framework in Frameworks */ = {isa = PBXBuildFile; fileRef = B27ABCC29A7467AF8ABF6CDB /* Pods_SwipeSwipe.framework */; settings = {ATTRIBUTES = (Weak, ); }; };
/* End PBXBuildFile section */

/* Begin PBXFileReference section */
		1D5A686292575C5415A0149D /* Pods-SwipeSwipe.debug.xcconfig */ = {isa = PBXFileReference; includeInIndex = 1; lastKnownFileType = text.xcconfig; name = "Pods-SwipeSwipe.debug.xcconfig"; path = "Pods/Target Support Files/Pods-SwipeSwipe/Pods-SwipeSwipe.debug.xcconfig"; sourceTree = "<group>"; };
		2E24C2E021F4F40D001EA54B /* DetailController.swift */ = {isa = PBXFileReference; lastKnownFileType = sourcecode.swift; path = DetailController.swift; sourceTree = "<group>"; };
		2E24C2E221F62307001EA54B /* SwipePhotosController.swift */ = {isa = PBXFileReference; lastKnownFileType = sourcecode.swift; path = SwipePhotosController.swift; sourceTree = "<group>"; };
		2E2C4A6E21D42607007D5F0A /* GoogleService-Info.plist */ = {isa = PBXFileReference; fileEncoding = 4; lastKnownFileType = text.plist.xml; path = "GoogleService-Info.plist"; sourceTree = "<group>"; };
		2E5231B521D28D7900A6C487 /* RegistrationViewModel.swift */ = {isa = PBXFileReference; lastKnownFileType = sourcecode.swift; name = RegistrationViewModel.swift; path = SwipeSwipe/ViewModels/RegistrationViewModel.swift; sourceTree = SOURCE_ROOT; };
		2E5BA66021A472F700137DE5 /* SwipeSwipe.app */ = {isa = PBXFileReference; explicitFileType = wrapper.application; includeInIndex = 0; path = SwipeSwipe.app; sourceTree = BUILT_PRODUCTS_DIR; };
		2E5BA66321A472F700137DE5 /* AppDelegate.swift */ = {isa = PBXFileReference; lastKnownFileType = sourcecode.swift; path = AppDelegate.swift; sourceTree = "<group>"; };
		2E5BA66521A472F700137DE5 /* HomeController.swift */ = {isa = PBXFileReference; lastKnownFileType = sourcecode.swift; path = HomeController.swift; sourceTree = "<group>"; };
		2E5BA66A21A472F800137DE5 /* Assets.xcassets */ = {isa = PBXFileReference; lastKnownFileType = folder.assetcatalog; path = Assets.xcassets; sourceTree = "<group>"; };
		2E5BA66D21A472F800137DE5 /* Base */ = {isa = PBXFileReference; lastKnownFileType = file.storyboard; name = Base; path = Base.lproj/LaunchScreen.storyboard; sourceTree = "<group>"; };
		2E5BA66F21A472F800137DE5 /* Info.plist */ = {isa = PBXFileReference; lastKnownFileType = text.plist.xml; path = Info.plist; sourceTree = "<group>"; };
		2E5BF45F21AEE7EA0009BA15 /* CardViewModel.swift */ = {isa = PBXFileReference; lastKnownFileType = sourcecode.swift; path = CardViewModel.swift; sourceTree = "<group>"; };
		2E5BF46121AF45830009BA15 /* Advert.swift */ = {isa = PBXFileReference; lastKnownFileType = sourcecode.swift; path = Advert.swift; sourceTree = "<group>"; };
		2E5F7E4D21F258B300B3D767 /* LoginController.swift */ = {isa = PBXFileReference; fileEncoding = 4; lastKnownFileType = sourcecode.swift; path = LoginController.swift; sourceTree = "<group>"; };
		2E5F7E4F21F258BC00B3D767 /* LoginViewModel.swift */ = {isa = PBXFileReference; fileEncoding = 4; lastKnownFileType = sourcecode.swift; path = LoginViewModel.swift; sourceTree = "<group>"; };
		2E60658021A5E018005AF201 /* BottomControls.swift */ = {isa = PBXFileReference; lastKnownFileType = sourcecode.swift; path = BottomControls.swift; sourceTree = "<group>"; };
		2E60658321A5E72E005AF201 /* TopNavigation.swift */ = {isa = PBXFileReference; lastKnownFileType = sourcecode.swift; path = TopNavigation.swift; sourceTree = "<group>"; };
		2E60658521A5FE1B005AF201 /* CardView.swift */ = {isa = PBXFileReference; lastKnownFileType = sourcecode.swift; path = CardView.swift; sourceTree = "<group>"; };
		2E60658721A725B9005AF201 /* UIView.swift */ = {isa = PBXFileReference; fileEncoding = 4; lastKnownFileType = sourcecode.swift; path = UIView.swift; sourceTree = "<group>"; };
		2E781D6621B7243B003E102A /* RegistrationController.swift */ = {isa = PBXFileReference; lastKnownFileType = sourcecode.swift; path = RegistrationController.swift; sourceTree = "<group>"; };
		2E781D6821B73617003E102A /* TextField.swift */ = {isa = PBXFileReference; lastKnownFileType = sourcecode.swift; path = TextField.swift; sourceTree = "<group>"; };
		2E7935E421A8ADEF00C642F6 /* Place.swift */ = {isa = PBXFileReference; lastKnownFileType = sourcecode.swift; path = Place.swift; sourceTree = "<group>"; };
		2EB880F321D556080046A83D /* Bindable.swift */ = {isa = PBXFileReference; lastKnownFileType = sourcecode.swift; name = Bindable.swift; path = SwipeSwipe/Bindable.swift; sourceTree = SOURCE_ROOT; };
		2EB880F521DD65F70046A83D /* SettingsController.swift */ = {isa = PBXFileReference; lastKnownFileType = sourcecode.swift; path = SettingsController.swift; sourceTree = "<group>"; };
		2EB8812321E01D3E0046A83D /* SettingsInputCell.swift */ = {isa = PBXFileReference; lastKnownFileType = sourcecode.swift; path = SettingsInputCell.swift; sourceTree = "<group>"; };
		2ECADA9821F11EEB0006C34C /* AgeRangeCell.swift */ = {isa = PBXFileReference; lastKnownFileType = sourcecode.swift; path = AgeRangeCell.swift; sourceTree = "<group>"; };
		B27ABCC29A7467AF8ABF6CDB /* Pods_SwipeSwipe.framework */ = {isa = PBXFileReference; explicitFileType = wrapper.framework; includeInIndex = 0; path = Pods_SwipeSwipe.framework; sourceTree = BUILT_PRODUCTS_DIR; };
		C1B6FE131A1409F9A082128B /* Pods-SwipeSwipe.release.xcconfig */ = {isa = PBXFileReference; includeInIndex = 1; lastKnownFileType = text.xcconfig; name = "Pods-SwipeSwipe.release.xcconfig"; path = "Pods/Target Support Files/Pods-SwipeSwipe/Pods-SwipeSwipe.release.xcconfig"; sourceTree = "<group>"; };
/* End PBXFileReference section */

/* Begin PBXFrameworksBuildPhase section */
		2E5BA65D21A472F700137DE5 /* Frameworks */ = {
			isa = PBXFrameworksBuildPhase;
			buildActionMask = 2147483647;
			files = (
				AF4E13D816C613C5C3BC9CFD /* Pods_SwipeSwipe.framework in Frameworks */,
			);
			runOnlyForDeploymentPostprocessing = 0;
		};
/* End PBXFrameworksBuildPhase section */

/* Begin PBXGroup section */
		2E5BA65721A472F700137DE5 = {
			isa = PBXGroup;
			children = (
				2E5BA66221A472F700137DE5 /* SwipeSwipe */,
				2E5BA66121A472F700137DE5 /* Products */,
				51BB450F06BC295E485CBF3E /* Pods */,
				55FC711C257E8683BFE9B7B0 /* Frameworks */,
			);
			sourceTree = "<group>";
		};
		2E5BA66121A472F700137DE5 /* Products */ = {
			isa = PBXGroup;
			children = (
				2E5BA66021A472F700137DE5 /* SwipeSwipe.app */,
			);
			name = Products;
			sourceTree = "<group>";
		};
		2E5BA66221A472F700137DE5 /* SwipeSwipe */ = {
			isa = PBXGroup;
			children = (
				2E5BA66321A472F700137DE5 /* AppDelegate.swift */,
				2EB880F321D556080046A83D /* Bindable.swift */,
				2E60658221A5E697005AF201 /* Controllers */,
				2E5BF45E21AEE7D20009BA15 /* ViewModels */,
				2E7935E321A8ADE100C642F6 /* Models */,
				2E60657F21A5DFAB005AF201 /* Views */,
				2E7935E221A82F0D00C642F6 /* Extensions */,
				2E5BA66C21A472F800137DE5 /* LaunchScreen.storyboard */,
				2E2C4A6E21D42607007D5F0A /* GoogleService-Info.plist */,
				2E5BA66A21A472F800137DE5 /* Assets.xcassets */,
				2E5BA66F21A472F800137DE5 /* Info.plist */,
			);
			path = SwipeSwipe;
			sourceTree = "<group>";
		};
		2E5BF45E21AEE7D20009BA15 /* ViewModels */ = {
			isa = PBXGroup;
			children = (
				2E5F7E4F21F258BC00B3D767 /* LoginViewModel.swift */,
				2E5BF45F21AEE7EA0009BA15 /* CardViewModel.swift */,
				2E5231B521D28D7900A6C487 /* RegistrationViewModel.swift */,
			);
			path = ViewModels;
			sourceTree = "<group>";
		};
		2E60657F21A5DFAB005AF201 /* Views */ = {
			isa = PBXGroup;
			children = (
				2E781D6821B73617003E102A /* TextField.swift */,
				2EB8812321E01D3E0046A83D /* SettingsInputCell.swift */,
				2ECADA9821F11EEB0006C34C /* AgeRangeCell.swift */,
				2E60658321A5E72E005AF201 /* TopNavigation.swift */,
				2E60658021A5E018005AF201 /* BottomControls.swift */,
				2E60658521A5FE1B005AF201 /* CardView.swift */,
			);
			path = Views;
			sourceTree = "<group>";
		};
		2E60658221A5E697005AF201 /* Controllers */ = {
			isa = PBXGroup;
			children = (
				2E5F7E4D21F258B300B3D767 /* LoginController.swift */,
				2E24C2E221F62307001EA54B /* SwipePhotosController.swift */,
				2E24C2E021F4F40D001EA54B /* DetailController.swift */,
				2E5BA66521A472F700137DE5 /* HomeController.swift */,
				2EB880F521DD65F70046A83D /* SettingsController.swift */,
				2E781D6621B7243B003E102A /* RegistrationController.swift */,
			);
			path = Controllers;
			sourceTree = "<group>";
		};
		2E7935E221A82F0D00C642F6 /* Extensions */ = {
			isa = PBXGroup;
			children = (
				2E60658721A725B9005AF201 /* UIView.swift */,
			);
			path = Extensions;
			sourceTree = "<group>";
		};
		2E7935E321A8ADE100C642F6 /* Models */ = {
			isa = PBXGroup;
			children = (
				2E7935E421A8ADEF00C642F6 /* Place.swift */,
				2E5BF46121AF45830009BA15 /* Advert.swift */,
			);
			path = Models;
			sourceTree = "<group>";
		};
		51BB450F06BC295E485CBF3E /* Pods */ = {
			isa = PBXGroup;
			children = (
				1D5A686292575C5415A0149D /* Pods-SwipeSwipe.debug.xcconfig */,
				C1B6FE131A1409F9A082128B /* Pods-SwipeSwipe.release.xcconfig */,
			);
			name = Pods;
			sourceTree = "<group>";
		};
		55FC711C257E8683BFE9B7B0 /* Frameworks */ = {
			isa = PBXGroup;
			children = (
				B27ABCC29A7467AF8ABF6CDB /* Pods_SwipeSwipe.framework */,
			);
			name = Frameworks;
			sourceTree = "<group>";
		};
/* End PBXGroup section */

/* Begin PBXNativeTarget section */
		2E5BA65F21A472F700137DE5 /* SwipeSwipe */ = {
			isa = PBXNativeTarget;
			buildConfigurationList = 2E5BA67221A472F800137DE5 /* Build configuration list for PBXNativeTarget "SwipeSwipe" */;
			buildPhases = (
				18B3272821B6099ED5D1D262 /* [CP] Check Pods Manifest.lock */,
				2E5BA65C21A472F700137DE5 /* Sources */,
				2E5BA65D21A472F700137DE5 /* Frameworks */,
				2E5BA65E21A472F700137DE5 /* Resources */,
				508F202A032647E361B0F607 /* [CP] Embed Pods Frameworks */,
			);
			buildRules = (
			);
			dependencies = (
			);
			name = SwipeSwipe;
			productName = SwipeSwipe;
			productReference = 2E5BA66021A472F700137DE5 /* SwipeSwipe.app */;
			productType = "com.apple.product-type.application";
		};
/* End PBXNativeTarget section */

/* Begin PBXProject section */
		2E5BA65821A472F700137DE5 /* Project object */ = {
			isa = PBXProject;
			attributes = {
				LastSwiftUpdateCheck = 1010;
				LastUpgradeCheck = 1010;
				ORGANIZATIONNAME = "Marcin Karski";
				TargetAttributes = {
					2E5BA65F21A472F700137DE5 = {
						CreatedOnToolsVersion = 10.1;
					};
				};
			};
			buildConfigurationList = 2E5BA65B21A472F700137DE5 /* Build configuration list for PBXProject "SwipeSwipe" */;
			compatibilityVersion = "Xcode 9.3";
			developmentRegion = en;
			hasScannedForEncodings = 0;
			knownRegions = (
				en,
				Base,
			);
			mainGroup = 2E5BA65721A472F700137DE5;
			productRefGroup = 2E5BA66121A472F700137DE5 /* Products */;
			projectDirPath = "";
			projectRoot = "";
			targets = (
				2E5BA65F21A472F700137DE5 /* SwipeSwipe */,
			);
		};
/* End PBXProject section */

/* Begin PBXResourcesBuildPhase section */
		2E5BA65E21A472F700137DE5 /* Resources */ = {
			isa = PBXResourcesBuildPhase;
			buildActionMask = 2147483647;
			files = (
				2E5BA66E21A472F800137DE5 /* LaunchScreen.storyboard in Resources */,
				2E5BA66B21A472F800137DE5 /* Assets.xcassets in Resources */,
				2E2C4A6F21D42607007D5F0A /* GoogleService-Info.plist in Resources */,
			);
			runOnlyForDeploymentPostprocessing = 0;
		};
/* End PBXResourcesBuildPhase section */

/* Begin PBXShellScriptBuildPhase section */
		18B3272821B6099ED5D1D262 /* [CP] Check Pods Manifest.lock */ = {
			isa = PBXShellScriptBuildPhase;
			buildActionMask = 2147483647;
			files = (
			);
			inputFileListPaths = (
			);
			inputPaths = (
				"${PODS_PODFILE_DIR_PATH}/Podfile.lock",
				"${PODS_ROOT}/Manifest.lock",
			);
			name = "[CP] Check Pods Manifest.lock";
			outputFileListPaths = (
			);
			outputPaths = (
				"$(DERIVED_FILE_DIR)/Pods-SwipeSwipe-checkManifestLockResult.txt",
			);
			runOnlyForDeploymentPostprocessing = 0;
			shellPath = /bin/sh;
			shellScript = "diff \"${PODS_PODFILE_DIR_PATH}/Podfile.lock\" \"${PODS_ROOT}/Manifest.lock\" > /dev/null\nif [ $? != 0 ] ; then\n    # print error to STDERR\n    echo \"error: The sandbox is not in sync with the Podfile.lock. Run 'pod install' or update your CocoaPods installation.\" >&2\n    exit 1\nfi\n# This output is used by Xcode 'outputs' to avoid re-running this script phase.\necho \"SUCCESS\" > \"${SCRIPT_OUTPUT_FILE_0}\"\n";
			showEnvVarsInLog = 0;
		};
		508F202A032647E361B0F607 /* [CP] Embed Pods Frameworks */ = {
			isa = PBXShellScriptBuildPhase;
			buildActionMask = 2147483647;
			files = (
			);
			inputFileListPaths = (
			);
			inputPaths = (
				"${SRCROOT}/Pods/Target Support Files/Pods-SwipeSwipe/Pods-SwipeSwipe-frameworks.sh",
				"${BUILT_PRODUCTS_DIR}/BoringSSL-GRPC/openssl_grpc.framework",
				"${BUILT_PRODUCTS_DIR}/GTMSessionFetcher/GTMSessionFetcher.framework",
				"${BUILT_PRODUCTS_DIR}/GoogleUtilities/GoogleUtilities.framework",
				"${BUILT_PRODUCTS_DIR}/JGProgressHUD/JGProgressHUD.framework",
				"${BUILT_PRODUCTS_DIR}/Protobuf/Protobuf.framework",
				"${BUILT_PRODUCTS_DIR}/SDWebImage/SDWebImage.framework",
				"${BUILT_PRODUCTS_DIR}/gRPC/GRPCClient.framework",
				"${BUILT_PRODUCTS_DIR}/gRPC-C++/grpcpp.framework",
				"${BUILT_PRODUCTS_DIR}/gRPC-Core/grpc.framework",
				"${BUILT_PRODUCTS_DIR}/gRPC-ProtoRPC/ProtoRPC.framework",
				"${BUILT_PRODUCTS_DIR}/gRPC-RxLibrary/RxLibrary.framework",
				"${BUILT_PRODUCTS_DIR}/leveldb-library/leveldb.framework",
				"${BUILT_PRODUCTS_DIR}/nanopb/nanopb.framework",
			);
			name = "[CP] Embed Pods Frameworks";
			outputFileListPaths = (
			);
			outputPaths = (
				"${TARGET_BUILD_DIR}/${FRAMEWORKS_FOLDER_PATH}/openssl_grpc.framework",
				"${TARGET_BUILD_DIR}/${FRAMEWORKS_FOLDER_PATH}/GTMSessionFetcher.framework",
				"${TARGET_BUILD_DIR}/${FRAMEWORKS_FOLDER_PATH}/GoogleUtilities.framework",
				"${TARGET_BUILD_DIR}/${FRAMEWORKS_FOLDER_PATH}/JGProgressHUD.framework",
				"${TARGET_BUILD_DIR}/${FRAMEWORKS_FOLDER_PATH}/Protobuf.framework",
				"${TARGET_BUILD_DIR}/${FRAMEWORKS_FOLDER_PATH}/SDWebImage.framework",
				"${TARGET_BUILD_DIR}/${FRAMEWORKS_FOLDER_PATH}/GRPCClient.framework",
				"${TARGET_BUILD_DIR}/${FRAMEWORKS_FOLDER_PATH}/grpcpp.framework",
				"${TARGET_BUILD_DIR}/${FRAMEWORKS_FOLDER_PATH}/grpc.framework",
				"${TARGET_BUILD_DIR}/${FRAMEWORKS_FOLDER_PATH}/ProtoRPC.framework",
				"${TARGET_BUILD_DIR}/${FRAMEWORKS_FOLDER_PATH}/RxLibrary.framework",
				"${TARGET_BUILD_DIR}/${FRAMEWORKS_FOLDER_PATH}/leveldb.framework",
				"${TARGET_BUILD_DIR}/${FRAMEWORKS_FOLDER_PATH}/nanopb.framework",
			);
			runOnlyForDeploymentPostprocessing = 0;
			shellPath = /bin/sh;
			shellScript = "\"${SRCROOT}/Pods/Target Support Files/Pods-SwipeSwipe/Pods-SwipeSwipe-frameworks.sh\"\n";
			showEnvVarsInLog = 0;
		};
/* End PBXShellScriptBuildPhase section */

/* Begin PBXSourcesBuildPhase section */
		2E5BA65C21A472F700137DE5 /* Sources */ = {
			isa = PBXSourcesBuildPhase;
			buildActionMask = 2147483647;
			files = (
				2EB880F421D556080046A83D /* Bindable.swift in Sources */,
				2EB8812421E01D3E0046A83D /* SettingsInputCell.swift in Sources */,
				2E5BA66621A472F700137DE5 /* HomeController.swift in Sources */,
				2E5231B621D28D7900A6C487 /* RegistrationViewModel.swift in Sources */,
				2E781D6921B73617003E102A /* TextField.swift in Sources */,
				2E60658421A5E72E005AF201 /* TopNavigation.swift in Sources */,
				2E5BF46221AF45830009BA15 /* Advert.swift in Sources */,
				2E24C2E121F4F40D001EA54B /* DetailController.swift in Sources */,
				2ECADA9921F11EEB0006C34C /* AgeRangeCell.swift in Sources */,
				2E5F7E5021F258BC00B3D767 /* LoginViewModel.swift in Sources */,
				2E60658821A725B9005AF201 /* UIView.swift in Sources */,
				2E60658121A5E018005AF201 /* BottomControls.swift in Sources */,
				2E5BF46021AEE7EA0009BA15 /* CardViewModel.swift in Sources */,
				2E5F7E4E21F258B300B3D767 /* LoginController.swift in Sources */,
				2E5BA66421A472F700137DE5 /* AppDelegate.swift in Sources */,
				2E24C2E321F62307001EA54B /* SwipePhotosController.swift in Sources */,
				2EB880F621DD65F70046A83D /* SettingsController.swift in Sources */,
				2E60658621A5FE1B005AF201 /* CardView.swift in Sources */,
				2E781D6721B7243B003E102A /* RegistrationController.swift in Sources */,
				2E7935E521A8ADEF00C642F6 /* Place.swift in Sources */,
			);
			runOnlyForDeploymentPostprocessing = 0;
		};
/* End PBXSourcesBuildPhase section */

/* Begin PBXVariantGroup section */
		2E5BA66C21A472F800137DE5 /* LaunchScreen.storyboard */ = {
			isa = PBXVariantGroup;
			children = (
				2E5BA66D21A472F800137DE5 /* Base */,
			);
			name = LaunchScreen.storyboard;
			sourceTree = "<group>";
		};
/* End PBXVariantGroup section */

/* Begin XCBuildConfiguration section */
		2E5BA67021A472F800137DE5 /* Debug */ = {
			isa = XCBuildConfiguration;
			buildSettings = {
				ALWAYS_SEARCH_USER_PATHS = NO;
				CLANG_ANALYZER_NONNULL = YES;
				CLANG_ANALYZER_NUMBER_OBJECT_CONVERSION = YES_AGGRESSIVE;
				CLANG_CXX_LANGUAGE_STANDARD = "gnu++14";
				CLANG_CXX_LIBRARY = "libc++";
				CLANG_ENABLE_MODULES = YES;
				CLANG_ENABLE_OBJC_ARC = YES;
				CLANG_ENABLE_OBJC_WEAK = YES;
				CLANG_WARN_BLOCK_CAPTURE_AUTORELEASING = YES;
				CLANG_WARN_BOOL_CONVERSION = YES;
				CLANG_WARN_COMMA = YES;
				CLANG_WARN_CONSTANT_CONVERSION = YES;
				CLANG_WARN_DEPRECATED_OBJC_IMPLEMENTATIONS = YES;
				CLANG_WARN_DIRECT_OBJC_ISA_USAGE = YES_ERROR;
				CLANG_WARN_DOCUMENTATION_COMMENTS = YES;
				CLANG_WARN_EMPTY_BODY = YES;
				CLANG_WARN_ENUM_CONVERSION = YES;
				CLANG_WARN_INFINITE_RECURSION = YES;
				CLANG_WARN_INT_CONVERSION = YES;
				CLANG_WARN_NON_LITERAL_NULL_CONVERSION = YES;
				CLANG_WARN_OBJC_IMPLICIT_RETAIN_SELF = YES;
				CLANG_WARN_OBJC_LITERAL_CONVERSION = YES;
				CLANG_WARN_OBJC_ROOT_CLASS = YES_ERROR;
				CLANG_WARN_RANGE_LOOP_ANALYSIS = YES;
				CLANG_WARN_STRICT_PROTOTYPES = YES;
				CLANG_WARN_SUSPICIOUS_MOVE = YES;
				CLANG_WARN_UNGUARDED_AVAILABILITY = YES_AGGRESSIVE;
				CLANG_WARN_UNREACHABLE_CODE = YES;
				CLANG_WARN__DUPLICATE_METHOD_MATCH = YES;
				CODE_SIGN_IDENTITY = "iPhone Developer";
				COPY_PHASE_STRIP = NO;
				DEBUG_INFORMATION_FORMAT = dwarf;
				ENABLE_STRICT_OBJC_MSGSEND = YES;
				ENABLE_TESTABILITY = YES;
				GCC_C_LANGUAGE_STANDARD = gnu11;
				GCC_DYNAMIC_NO_PIC = NO;
				GCC_NO_COMMON_BLOCKS = YES;
				GCC_OPTIMIZATION_LEVEL = 0;
				GCC_PREPROCESSOR_DEFINITIONS = (
					"DEBUG=1",
					"$(inherited)",
				);
				GCC_WARN_64_TO_32_BIT_CONVERSION = YES;
				GCC_WARN_ABOUT_RETURN_TYPE = YES_ERROR;
				GCC_WARN_UNDECLARED_SELECTOR = YES;
				GCC_WARN_UNINITIALIZED_AUTOS = YES_AGGRESSIVE;
				GCC_WARN_UNUSED_FUNCTION = YES;
				GCC_WARN_UNUSED_VARIABLE = YES;
				IPHONEOS_DEPLOYMENT_TARGET = 12.1;
				MTL_ENABLE_DEBUG_INFO = INCLUDE_SOURCE;
				MTL_FAST_MATH = YES;
				ONLY_ACTIVE_ARCH = YES;
				SDKROOT = iphoneos;
				SWIFT_ACTIVE_COMPILATION_CONDITIONS = DEBUG;
				SWIFT_OPTIMIZATION_LEVEL = "-Onone";
			};
			name = Debug;
		};
		2E5BA67121A472F800137DE5 /* Release */ = {
			isa = XCBuildConfiguration;
			buildSettings = {
				ALWAYS_SEARCH_USER_PATHS = NO;
				CLANG_ANALYZER_NONNULL = YES;
				CLANG_ANALYZER_NUMBER_OBJECT_CONVERSION = YES_AGGRESSIVE;
				CLANG_CXX_LANGUAGE_STANDARD = "gnu++14";
				CLANG_CXX_LIBRARY = "libc++";
				CLANG_ENABLE_MODULES = YES;
				CLANG_ENABLE_OBJC_ARC = YES;
				CLANG_ENABLE_OBJC_WEAK = YES;
				CLANG_WARN_BLOCK_CAPTURE_AUTORELEASING = YES;
				CLANG_WARN_BOOL_CONVERSION = YES;
				CLANG_WARN_COMMA = YES;
				CLANG_WARN_CONSTANT_CONVERSION = YES;
				CLANG_WARN_DEPRECATED_OBJC_IMPLEMENTATIONS = YES;
				CLANG_WARN_DIRECT_OBJC_ISA_USAGE = YES_ERROR;
				CLANG_WARN_DOCUMENTATION_COMMENTS = YES;
				CLANG_WARN_EMPTY_BODY = YES;
				CLANG_WARN_ENUM_CONVERSION = YES;
				CLANG_WARN_INFINITE_RECURSION = YES;
				CLANG_WARN_INT_CONVERSION = YES;
				CLANG_WARN_NON_LITERAL_NULL_CONVERSION = YES;
				CLANG_WARN_OBJC_IMPLICIT_RETAIN_SELF = YES;
				CLANG_WARN_OBJC_LITERAL_CONVERSION = YES;
				CLANG_WARN_OBJC_ROOT_CLASS = YES_ERROR;
				CLANG_WARN_RANGE_LOOP_ANALYSIS = YES;
				CLANG_WARN_STRICT_PROTOTYPES = YES;
				CLANG_WARN_SUSPICIOUS_MOVE = YES;
				CLANG_WARN_UNGUARDED_AVAILABILITY = YES_AGGRESSIVE;
				CLANG_WARN_UNREACHABLE_CODE = YES;
				CLANG_WARN__DUPLICATE_METHOD_MATCH = YES;
				CODE_SIGN_IDENTITY = "iPhone Developer";
				COPY_PHASE_STRIP = NO;
				DEBUG_INFORMATION_FORMAT = "dwarf-with-dsym";
				ENABLE_NS_ASSERTIONS = NO;
				ENABLE_STRICT_OBJC_MSGSEND = YES;
				GCC_C_LANGUAGE_STANDARD = gnu11;
				GCC_NO_COMMON_BLOCKS = YES;
				GCC_WARN_64_TO_32_BIT_CONVERSION = YES;
				GCC_WARN_ABOUT_RETURN_TYPE = YES_ERROR;
				GCC_WARN_UNDECLARED_SELECTOR = YES;
				GCC_WARN_UNINITIALIZED_AUTOS = YES_AGGRESSIVE;
				GCC_WARN_UNUSED_FUNCTION = YES;
				GCC_WARN_UNUSED_VARIABLE = YES;
				IPHONEOS_DEPLOYMENT_TARGET = 12.1;
				MTL_ENABLE_DEBUG_INFO = NO;
				MTL_FAST_MATH = YES;
				SDKROOT = iphoneos;
				SWIFT_COMPILATION_MODE = wholemodule;
				SWIFT_OPTIMIZATION_LEVEL = "-O";
				VALIDATE_PRODUCT = YES;
			};
			name = Release;
		};
		2E5BA67321A472F800137DE5 /* Debug */ = {
			isa = XCBuildConfiguration;
			baseConfigurationReference = 1D5A686292575C5415A0149D /* Pods-SwipeSwipe.debug.xcconfig */;
			buildSettings = {
				ALWAYS_EMBED_SWIFT_STANDARD_LIBRARIES = YES;
				ASSETCATALOG_COMPILER_APPICON_NAME = AppIcon;
				CODE_SIGN_STYLE = Automatic;
				DEVELOPMENT_TEAM = HS5M46ZGSH;
				INFOPLIST_FILE = SwipeSwipe/Info.plist;
				LD_RUNPATH_SEARCH_PATHS = (
					"$(inherited)",
					"@executable_path/Frameworks",
				);
				PRODUCT_BUNDLE_IDENTIFIER = axaneo.SwipeSwipe;
				PRODUCT_NAME = "$(TARGET_NAME)";
				SWIFT_VERSION = 4.2;
				TARGETED_DEVICE_FAMILY = 1;
			};
			name = Debug;
		};
		2E5BA67421A472F800137DE5 /* Release */ = {
			isa = XCBuildConfiguration;
			baseConfigurationReference = C1B6FE131A1409F9A082128B /* Pods-SwipeSwipe.release.xcconfig */;
			buildSettings = {
				ALWAYS_EMBED_SWIFT_STANDARD_LIBRARIES = YES;
				ASSETCATALOG_COMPILER_APPICON_NAME = AppIcon;
				CODE_SIGN_STYLE = Automatic;
				DEVELOPMENT_TEAM = HS5M46ZGSH;
				INFOPLIST_FILE = SwipeSwipe/Info.plist;
				LD_RUNPATH_SEARCH_PATHS = (
					"$(inherited)",
					"@executable_path/Frameworks",
				);
				PRODUCT_BUNDLE_IDENTIFIER = axaneo.SwipeSwipe;
				PRODUCT_NAME = "$(TARGET_NAME)";
				SWIFT_VERSION = 4.2;
				TARGETED_DEVICE_FAMILY = 1;
			};
			name = Release;
		};
/* End XCBuildConfiguration section */

/* Begin XCConfigurationList section */
		2E5BA65B21A472F700137DE5 /* Build configuration list for PBXProject "SwipeSwipe" */ = {
			isa = XCConfigurationList;
			buildConfigurations = (
				2E5BA67021A472F800137DE5 /* Debug */,
				2E5BA67121A472F800137DE5 /* Release */,
			);
			defaultConfigurationIsVisible = 0;
			defaultConfigurationName = Release;
		};
		2E5BA67221A472F800137DE5 /* Build configuration list for PBXNativeTarget "SwipeSwipe" */ = {
			isa = XCConfigurationList;
			buildConfigurations = (
				2E5BA67321A472F800137DE5 /* Debug */,
				2E5BA67421A472F800137DE5 /* Release */,
			);
			defaultConfigurationIsVisible = 0;
			defaultConfigurationName = Release;
		};
/* End XCConfigurationList section */
	};
	rootObject = 2E5BA65821A472F700137DE5 /* Project object */;
}
